
Microsoft Visual Studio Solution File, Format Version 12.00
# Visual Studio Version 17
Project("{2150E333-8FDC-42A3-9474-1A3956D46DE8}") = "Engine", "Engine", "{8249BEE1-6EAC-4D86-1732-863C03741909}"
EndProject
Project("{8BC9CEB8-8B4A-11D0-8D11-00A0C91BC942}") = "HydrogenRuntime", "HydrogenRuntime\HydrogenRuntime.vcxproj", "{C99A0602-3526-74C6-3E37-F7BAAA41D0C6}"
EndProject
Project("{8BC9CEB8-8B4A-11D0-8D11-00A0C91BC942}") = "HydrogenEditor", "HydrogenEditor\HydrogenEditor.vcxproj", "{0C70214D-F83D-1553-E1D1-8579CD3EF1B7}"
EndProject
Project("{8BC9CEB8-8B4A-11D0-8D11-00A0C91BC942}") = "HydrogenEngine", "HydrogenEngine\HydrogenEngine.vcxproj", "{5B1DD54D-47EB-C853-307F-397A1CECA4B8}"
EndProject
Global
	GlobalSection(SolutionConfigurationPlatforms) = preSolution
		Debug|Win64 = Debug|Win64
		Dist|Win64 = Dist|Win64
		Release|Win64 = Release|Win64
	EndGlobalSection
	GlobalSection(ProjectConfigurationPlatforms) = postSolution
		{C99A0602-3526-74C6-3E37-F7BAAA41D0C6}.Debug|Win64.ActiveCfg = Debug Win64|x64
		{C99A0602-3526-74C6-3E37-F7BAAA41D0C6}.Debug|Win64.Build.0 = Debug Win64|x64
		{C99A0602-3526-74C6-3E37-F7BAAA41D0C6}.Dist|Win64.ActiveCfg = Dist Win64|x64
		{C99A0602-3526-74C6-3E37-F7BAAA41D0C6}.Dist|Win64.Build.0 = Dist Win64|x64
		{C99A0602-3526-74C6-3E37-F7BAAA41D0C6}.Release|Win64.ActiveCfg = Release Win64|x64
		{C99A0602-3526-74C6-3E37-F7BAAA41D0C6}.Release|Win64.Build.0 = Release Win64|x64
		{0C70214D-F83D-1553-E1D1-8579CD3EF1B7}.Debug|Win64.ActiveCfg = Debug Win64|x64
		{0C70214D-F83D-1553-E1D1-8579CD3EF1B7}.Debug|Win64.Build.0 = Debug Win64|x64
		{0C70214D-F83D-1553-E1D1-8579CD3EF1B7}.Dist|Win64.ActiveCfg = Dist Win64|x64
		{0C70214D-F83D-1553-E1D1-8579CD3EF1B7}.Dist|Win64.Build.0 = Dist Win64|x64
		{0C70214D-F83D-1553-E1D1-8579CD3EF1B7}.Release|Win64.ActiveCfg = Release Win64|x64
		{0C70214D-F83D-1553-E1D1-8579CD3EF1B7}.Release|Win64.Build.0 = Release Win64|x64
		{5B1DD54D-47EB-C853-307F-397A1CECA4B8}.Debug|Win64.ActiveCfg = Debug Win64|x64
		{5B1DD54D-47EB-C853-307F-397A1CECA4B8}.Debug|Win64.Build.0 = Debug Win64|x64
		{5B1DD54D-47EB-C853-307F-397A1CECA4B8}.Dist|Win64.ActiveCfg = Dist Win64|x64
		{5B1DD54D-47EB-C853-307F-397A1CECA4B8}.Dist|Win64.Build.0 = Dist Win64|x64
		{5B1DD54D-47EB-C853-307F-397A1CECA4B8}.Release|Win64.ActiveCfg = Release Win64|x64
		{5B1DD54D-47EB-C853-307F-397A1CECA4B8}.Release|Win64.Build.0 = Release Win64|x64
	EndGlobalSection
	GlobalSection(SolutionProperties) = preSolution
		HideSolutionNode = FALSE
	EndGlobalSection
	GlobalSection(NestedProjects) = preSolution
		{C99A0602-3526-74C6-3E37-F7BAAA41D0C6} = {8249BEE1-6EAC-4D86-1732-863C03741909}
		{0C70214D-F83D-1553-E1D1-8579CD3EF1B7} = {8249BEE1-6EAC-4D86-1732-863C03741909}
		{5B1DD54D-47EB-C853-307F-397A1CECA4B8} = {8249BEE1-6EAC-4D86-1732-863C03741909}
	EndGlobalSection
EndGlobal
